{
    "name": "metaphorjs-class",
    "version": "1.0.10",
    "lockfileVersion": 1,
    "requires": true,
    "dependencies": {
        "metaphorjs-namespace": {
            "version": "1.0.4",
            "resolved": "https://registry.npmjs.org/metaphorjs-namespace/-/metaphorjs-namespace-1.0.4.tgz",
            "integrity": "sha1-tzgoSneuTCckUrhNjw+O7Bpk0uw="
        }
    }
}
